
Microsoft Visual Studio Solution File, Format Version 12.00
# Visual Studio Version 17
VisualStudioVersion = 17.8.34330.188
MinimumVisualStudioVersion = 10.0.40219.1
Project("{FAE04EC0-301F-11D3-BF4B-00C04F79EFBC}") = "KaloriHesaplama", "KaloriHesaplama\KaloriHesaplama.csproj", "{257A0EA5-0D31-47DC-A942-35C1B7837969}"
EndProject
Global
	GlobalSection(SolutionConfigurationPlatforms) = preSolution
		Debug|Any CPU = Debug|Any CPU
		Release|Any CPU = Release|Any CPU
	EndGlobalSection
	GlobalSection(ProjectConfigurationPlatforms) = postSolution
		{257A0EA5-0D31-47DC-A942-35C1B7837969}.Debug|Any CPU.ActiveCfg = Debug|Any CPU
		{257A0EA5-0D31-47DC-A942-35C1B7837969}.Debug|Any CPU.Build.0 = Debug|Any CPU
		{257A0EA5-0D31-47DC-A942-35C1B7837969}.Release|Any CPU.ActiveCfg = Release|Any CPU
		{257A0EA5-0D31-47DC-A942-35C1B7837969}.Release|Any CPU.Build.0 = Release|Any CPU
	EndGlobalSection
	GlobalSection(SolutionProperties) = preSolution
		HideSolutionNode = FALSE
	EndGlobalSection
	GlobalSection(ExtensibilityGlobals) = postSolution
		SolutionGuid = {848BDBD8-9936-4700-B2C9-9511A08763FB}
	EndGlobalSection
EndGlobal
